// !$*UTF8*$!
{
	archiveVersion = 1;
	classes = {
	};
	objectVersion = 55;
	objects = {

/* Begin PBXBuildFile section */
		2E004C102834CE020070A90B /* FirebaseService.swift in Sources */ = {isa = PBXBuildFile; fileRef = 2E004C0F2834CE020070A90B /* FirebaseService.swift */; };
		2E004C122834EEF30070A90B /* AppInitialize.swift in Sources */ = {isa = PBXBuildFile; fileRef = 2E004C112834EEF30070A90B /* AppInitialize.swift */; };
		2E004C142834F7180070A90B /* Async.swift in Sources */ = {isa = PBXBuildFile; fileRef = 2E004C132834F7180070A90B /* Async.swift */; };
		2E01D150282DF107008EA239 /* RootView.swift in Sources */ = {isa = PBXBuildFile; fileRef = 2E01D14F282DF107008EA239 /* RootView.swift */; };
		2E01D152282DF110008EA239 /* SplashView.swift in Sources */ = {isa = PBXBuildFile; fileRef = 2E01D151282DF110008EA239 /* SplashView.swift */; };
		2E01D154282E22DC008EA239 /* HotKeywordModel.swift in Sources */ = {isa = PBXBuildFile; fileRef = 2E01D153282E22DC008EA239 /* HotKeywordModel.swift */; };
		2E01D155282E2332008EA239 /* HotKeywordModel.swift in Sources */ = {isa = PBXBuildFile; fileRef = 2E01D153282E22DC008EA239 /* HotKeywordModel.swift */; };
		2E01D157282E514E008EA239 /* FirebaseAnalytics in Frameworks */ = {isa = PBXBuildFile; productRef = 2E01D156282E514E008EA239 /* FirebaseAnalytics */; };
		2E01D159282E514E008EA239 /* FirebaseCrashlytics in Frameworks */ = {isa = PBXBuildFile; productRef = 2E01D158282E514E008EA239 /* FirebaseCrashlytics */; };
		2E01D15B282E514F008EA239 /* FirebaseFirestoreSwift in Frameworks */ = {isa = PBXBuildFile; productRef = 2E01D15A282E514F008EA239 /* FirebaseFirestoreSwift */; };
		2E084D7E28290D6D00A299E9 /* HotKeywordColor.swift in Sources */ = {isa = PBXBuildFile; fileRef = 2E084D7D28290D6D00A299E9 /* HotKeywordColor.swift */; };
		2E084D8028290D7900A299E9 /* HotKeywordColor.swift in Sources */ = {isa = PBXBuildFile; fileRef = 2E084D7D28290D6D00A299E9 /* HotKeywordColor.swift */; };
		2E08DC8A283764AD009092BC /* Version.swift in Sources */ = {isa = PBXBuildFile; fileRef = 2E08DC89283764AD009092BC /* Version.swift */; };
		2E08DC8D28376965009092BC /* DialogPresentation.swift in Sources */ = {isa = PBXBuildFile; fileRef = 2E08DC8C28376965009092BC /* DialogPresentation.swift */; };
		2E08DC8F2837698F009092BC /* DialogContent.swift in Sources */ = {isa = PBXBuildFile; fileRef = 2E08DC8E2837698F009092BC /* DialogContent.swift */; };
		2E08DC9128376A40009092BC /* DialogStruct.swift in Sources */ = {isa = PBXBuildFile; fileRef = 2E08DC9028376A40009092BC /* DialogStruct.swift */; };
		2E2EB51A282C1901001F5CBB /* SharedView.swift in Sources */ = {isa = PBXBuildFile; fileRef = 2E2EB519282C1901001F5CBB /* SharedView.swift */; };
		2E2EB51B282C1971001F5CBB /* SharedView.swift in Sources */ = {isa = PBXBuildFile; fileRef = 2E2EB519282C1901001F5CBB /* SharedView.swift */; };
		2E394D73282A3A8100445D5C /* FirebaseAnalytics in Frameworks */ = {isa = PBXBuildFile; productRef = 2E394D72282A3A8100445D5C /* FirebaseAnalytics */; };
		2E394D77282A3A8100445D5C /* FirebaseCrashlytics in Frameworks */ = {isa = PBXBuildFile; productRef = 2E394D76282A3A8100445D5C /* FirebaseCrashlytics */; };
		2E394D79282A3A8100445D5C /* FirebaseFirestore in Frameworks */ = {isa = PBXBuildFile; productRef = 2E394D78282A3A8100445D5C /* FirebaseFirestore */; };
		2E394D7B282A3A8100445D5C /* FirebaseFirestoreCombine-Community in Frameworks */ = {isa = PBXBuildFile; productRef = 2E394D7A282A3A8100445D5C /* FirebaseFirestoreCombine-Community */; };
		2E394D7F282A423200445D5C /* FirebaseFirestore in Frameworks */ = {isa = PBXBuildFile; productRef = 2E394D7E282A423200445D5C /* FirebaseFirestore */; };
		2E865B51282FA35E003F6119 /* GoogleService-Info.plist in Resources */ = {isa = PBXBuildFile; fileRef = 2E8C5C9C282253E700F38EE4 /* GoogleService-Info.plist */; };
		2E8C5C62282220A900F38EE4 /* HotKeywordApp.swift in Sources */ = {isa = PBXBuildFile; fileRef = 2E8C5C61282220A900F38EE4 /* HotKeywordApp.swift */; };
		2E8C5C64282220A900F38EE4 /* ContentView.swift in Sources */ = {isa = PBXBuildFile; fileRef = 2E8C5C63282220A900F38EE4 /* ContentView.swift */; };
		2E8C5C66282220AB00F38EE4 /* Assets.xcassets in Resources */ = {isa = PBXBuildFile; fileRef = 2E8C5C65282220AB00F38EE4 /* Assets.xcassets */; };
		2E8C5C69282220AB00F38EE4 /* Preview Assets.xcassets in Resources */ = {isa = PBXBuildFile; fileRef = 2E8C5C68282220AB00F38EE4 /* Preview Assets.xcassets */; };
		2E8C5C762822211400F38EE4 /* WidgetKit.framework in Frameworks */ = {isa = PBXBuildFile; fileRef = 2E8C5C752822211400F38EE4 /* WidgetKit.framework */; };
		2E8C5C782822211400F38EE4 /* SwiftUI.framework in Frameworks */ = {isa = PBXBuildFile; fileRef = 2E8C5C772822211400F38EE4 /* SwiftUI.framework */; };
		2E8C5C7B2822211400F38EE4 /* KeywordWidget.swift in Sources */ = {isa = PBXBuildFile; fileRef = 2E8C5C7A2822211400F38EE4 /* KeywordWidget.swift */; };
		2E8C5C7D2822211500F38EE4 /* Assets.xcassets in Resources */ = {isa = PBXBuildFile; fileRef = 2E8C5C7C2822211500F38EE4 /* Assets.xcassets */; };
		2E8C5C812822211500F38EE4 /* KeywordWidgetExtension.appex in Embed App Extensions */ = {isa = PBXBuildFile; fileRef = 2E8C5C732822211400F38EE4 /* KeywordWidgetExtension.appex */; settings = {ATTRIBUTES = (RemoveHeadersOnCopy, ); }; };
		2E8C5C872822216B00F38EE4 /* HotKeyword.swift in Sources */ = {isa = PBXBuildFile; fileRef = 2E8C5C862822216B00F38EE4 /* HotKeyword.swift */; };
		2E8C5C892822291900F38EE4 /* HotKeywordViewModel.swift in Sources */ = {isa = PBXBuildFile; fileRef = 2E8C5C882822291900F38EE4 /* HotKeywordViewModel.swift */; };
		2E8C5C8B282229AD00F38EE4 /* HotKeyword.swift in Sources */ = {isa = PBXBuildFile; fileRef = 2E8C5C862822216B00F38EE4 /* HotKeyword.swift */; };
		2E8C5C8D2822414600F38EE4 /* AppSettings.swift in Sources */ = {isa = PBXBuildFile; fileRef = 2E8C5C8C2822414600F38EE4 /* AppSettings.swift */; };
		2E8C5C8F2822450600F38EE4 /* HotKeywordDefine.swift in Sources */ = {isa = PBXBuildFile; fileRef = 2E8C5C8E2822450600F38EE4 /* HotKeywordDefine.swift */; };
		2E8C5C902822466C00F38EE4 /* HotKeywordDefine.swift in Sources */ = {isa = PBXBuildFile; fileRef = 2E8C5C8E2822450600F38EE4 /* HotKeywordDefine.swift */; };
		2E8C5C9228224EBC00F38EE4 /* HotKeywordViewModelOnlyApp.swift in Sources */ = {isa = PBXBuildFile; fileRef = 2E8C5C9128224EBC00F38EE4 /* HotKeywordViewModelOnlyApp.swift */; };
		2E8C5C9D282253E700F38EE4 /* GoogleService-Info.plist in Resources */ = {isa = PBXBuildFile; fileRef = 2E8C5C9C282253E700F38EE4 /* GoogleService-Info.plist */; };
		2E8C5CA5282264C600F38EE4 /* DateExtension.swift in Sources */ = {isa = PBXBuildFile; fileRef = 2E8C5CA4282264C600F38EE4 /* DateExtension.swift */; };
		2EAC970328334F8200CA6BB3 /* SplashViewModel.swift in Sources */ = {isa = PBXBuildFile; fileRef = 2EAC970228334F8200CA6BB3 /* SplashViewModel.swift */; };
		2EAC9706283352E300CA6BB3 /* Service.swift in Sources */ = {isa = PBXBuildFile; fileRef = 2EAC9705283352E300CA6BB3 /* Service.swift */; };
		2EAC97082833673B00CA6BB3 /* ServiceProvider.swift in Sources */ = {isa = PBXBuildFile; fileRef = 2EAC97072833673B00CA6BB3 /* ServiceProvider.swift */; };
		2EAC970A2833A65100CA6BB3 /* HotKeywordService.swift in Sources */ = {isa = PBXBuildFile; fileRef = 2EAC97092833A65000CA6BB3 /* HotKeywordService.swift */; };
/* End PBXBuildFile section */

/* Begin PBXContainerItemProxy section */
		2E8C5C7F2822211500F38EE4 /* PBXContainerItemProxy */ = {
			isa = PBXContainerItemProxy;
			containerPortal = 2E8C5C56282220A900F38EE4 /* Project object */;
			proxyType = 1;
			remoteGlobalIDString = 2E8C5C722822211400F38EE4;
			remoteInfo = KeywordWidgetExtension;
		};
/* End PBXContainerItemProxy section */

/* Begin PBXCopyFilesBuildPhase section */
		2E8C5C852822211500F38EE4 /* Embed App Extensions */ = {
			isa = PBXCopyFilesBuildPhase;
			buildActionMask = 2147483647;
			dstPath = "";
			dstSubfolderSpec = 13;
			files = (
				2E8C5C812822211500F38EE4 /* KeywordWidgetExtension.appex in Embed App Extensions */,
			);
			name = "Embed App Extensions";
			runOnlyForDeploymentPostprocessing = 0;
		};
/* End PBXCopyFilesBuildPhase section */

/* Begin PBXFileReference section */
		2E004C0F2834CE020070A90B /* FirebaseService.swift */ = {isa = PBXFileReference; lastKnownFileType = sourcecode.swift; path = FirebaseService.swift; sourceTree = "<group>"; };
		2E004C112834EEF30070A90B /* AppInitialize.swift */ = {isa = PBXFileReference; lastKnownFileType = sourcecode.swift; path = AppInitialize.swift; sourceTree = "<group>"; };
		2E004C132834F7180070A90B /* Async.swift */ = {isa = PBXFileReference; lastKnownFileType = sourcecode.swift; path = Async.swift; sourceTree = "<group>"; };
		2E01D14F282DF107008EA239 /* RootView.swift */ = {isa = PBXFileReference; lastKnownFileType = sourcecode.swift; path = RootView.swift; sourceTree = "<group>"; };
		2E01D151282DF110008EA239 /* SplashView.swift */ = {isa = PBXFileReference; lastKnownFileType = sourcecode.swift; path = SplashView.swift; sourceTree = "<group>"; };
		2E01D153282E22DC008EA239 /* HotKeywordModel.swift */ = {isa = PBXFileReference; lastKnownFileType = sourcecode.swift; path = HotKeywordModel.swift; sourceTree = "<group>"; };
		2E01D17B282E5357008EA239 /* HotKeyword.entitlements */ = {isa = PBXFileReference; lastKnownFileType = text.plist.entitlements; path = HotKeyword.entitlements; sourceTree = "<group>"; };
		2E01D17C282E5371008EA239 /* KeywordWidgetExtension.entitlements */ = {isa = PBXFileReference; lastKnownFileType = text.plist.entitlements; path = KeywordWidgetExtension.entitlements; sourceTree = "<group>"; };
		2E084D7D28290D6D00A299E9 /* HotKeywordColor.swift */ = {isa = PBXFileReference; lastKnownFileType = sourcecode.swift; path = HotKeywordColor.swift; sourceTree = "<group>"; };
		2E08DC89283764AD009092BC /* Version.swift */ = {isa = PBXFileReference; lastKnownFileType = sourcecode.swift; path = Version.swift; sourceTree = "<group>"; };
		2E08DC8C28376965009092BC /* DialogPresentation.swift */ = {isa = PBXFileReference; lastKnownFileType = sourcecode.swift; path = DialogPresentation.swift; sourceTree = "<group>"; };
		2E08DC8E2837698F009092BC /* DialogContent.swift */ = {isa = PBXFileReference; lastKnownFileType = sourcecode.swift; path = DialogContent.swift; sourceTree = "<group>"; };
		2E08DC9028376A40009092BC /* DialogStruct.swift */ = {isa = PBXFileReference; lastKnownFileType = sourcecode.swift; path = DialogStruct.swift; sourceTree = "<group>"; };
		2E2EB519282C1901001F5CBB /* SharedView.swift */ = {isa = PBXFileReference; lastKnownFileType = sourcecode.swift; path = SharedView.swift; sourceTree = "<group>"; };
		2E8C5C5E282220A900F38EE4 /* HotKeyword.app */ = {isa = PBXFileReference; explicitFileType = wrapper.application; includeInIndex = 0; path = HotKeyword.app; sourceTree = BUILT_PRODUCTS_DIR; };
		2E8C5C61282220A900F38EE4 /* HotKeywordApp.swift */ = {isa = PBXFileReference; lastKnownFileType = sourcecode.swift; path = HotKeywordApp.swift; sourceTree = "<group>"; };
		2E8C5C63282220A900F38EE4 /* ContentView.swift */ = {isa = PBXFileReference; lastKnownFileType = sourcecode.swift; path = ContentView.swift; sourceTree = "<group>"; };
		2E8C5C65282220AB00F38EE4 /* Assets.xcassets */ = {isa = PBXFileReference; lastKnownFileType = folder.assetcatalog; path = Assets.xcassets; sourceTree = "<group>"; };
		2E8C5C68282220AB00F38EE4 /* Preview Assets.xcassets */ = {isa = PBXFileReference; lastKnownFileType = folder.assetcatalog; path = "Preview Assets.xcassets"; sourceTree = "<group>"; };
		2E8C5C732822211400F38EE4 /* KeywordWidgetExtension.appex */ = {isa = PBXFileReference; explicitFileType = "wrapper.app-extension"; includeInIndex = 0; path = KeywordWidgetExtension.appex; sourceTree = BUILT_PRODUCTS_DIR; };
		2E8C5C752822211400F38EE4 /* WidgetKit.framework */ = {isa = PBXFileReference; lastKnownFileType = wrapper.framework; name = WidgetKit.framework; path = System/Library/Frameworks/WidgetKit.framework; sourceTree = SDKROOT; };
		2E8C5C772822211400F38EE4 /* SwiftUI.framework */ = {isa = PBXFileReference; lastKnownFileType = wrapper.framework; name = SwiftUI.framework; path = System/Library/Frameworks/SwiftUI.framework; sourceTree = SDKROOT; };
		2E8C5C7A2822211400F38EE4 /* KeywordWidget.swift */ = {isa = PBXFileReference; lastKnownFileType = sourcecode.swift; path = KeywordWidget.swift; sourceTree = "<group>"; };
		2E8C5C7C2822211500F38EE4 /* Assets.xcassets */ = {isa = PBXFileReference; lastKnownFileType = folder.assetcatalog; path = Assets.xcassets; sourceTree = "<group>"; };
		2E8C5C7E2822211500F38EE4 /* Info.plist */ = {isa = PBXFileReference; lastKnownFileType = text.plist.xml; path = Info.plist; sourceTree = "<group>"; };
		2E8C5C862822216B00F38EE4 /* HotKeyword.swift */ = {isa = PBXFileReference; lastKnownFileType = sourcecode.swift; path = HotKeyword.swift; sourceTree = "<group>"; };
		2E8C5C882822291900F38EE4 /* HotKeywordViewModel.swift */ = {isa = PBXFileReference; lastKnownFileType = sourcecode.swift; path = HotKeywordViewModel.swift; sourceTree = "<group>"; };
		2E8C5C8C2822414600F38EE4 /* AppSettings.swift */ = {isa = PBXFileReference; lastKnownFileType = sourcecode.swift; path = AppSettings.swift; sourceTree = "<group>"; };
		2E8C5C8E2822450600F38EE4 /* HotKeywordDefine.swift */ = {isa = PBXFileReference; lastKnownFileType = sourcecode.swift; path = HotKeywordDefine.swift; sourceTree = "<group>"; };
		2E8C5C9128224EBC00F38EE4 /* HotKeywordViewModelOnlyApp.swift */ = {isa = PBXFileReference; lastKnownFileType = sourcecode.swift; path = HotKeywordViewModelOnlyApp.swift; sourceTree = "<group>"; };
		2E8C5C9C282253E700F38EE4 /* GoogleService-Info.plist */ = {isa = PBXFileReference; fileEncoding = 4; lastKnownFileType = text.plist.xml; path = "GoogleService-Info.plist"; sourceTree = "<group>"; };
		2E8C5CA4282264C600F38EE4 /* DateExtension.swift */ = {isa = PBXFileReference; lastKnownFileType = sourcecode.swift; path = DateExtension.swift; sourceTree = "<group>"; };
		2EAC970128334EA600CA6BB3 /* Info.plist */ = {isa = PBXFileReference; lastKnownFileType = text.plist; path = Info.plist; sourceTree = "<group>"; };
		2EAC970228334F8200CA6BB3 /* SplashViewModel.swift */ = {isa = PBXFileReference; lastKnownFileType = sourcecode.swift; path = SplashViewModel.swift; sourceTree = "<group>"; };
		2EAC9705283352E300CA6BB3 /* Service.swift */ = {isa = PBXFileReference; lastKnownFileType = sourcecode.swift; path = Service.swift; sourceTree = "<group>"; };
		2EAC97072833673B00CA6BB3 /* ServiceProvider.swift */ = {isa = PBXFileReference; lastKnownFileType = sourcecode.swift; path = ServiceProvider.swift; sourceTree = "<group>"; };
		2EAC97092833A65000CA6BB3 /* HotKeywordService.swift */ = {isa = PBXFileReference; lastKnownFileType = sourcecode.swift; path = HotKeywordService.swift; sourceTree = "<group>"; };
/* End PBXFileReference section */

/* Begin PBXFrameworksBuildPhase section */
		2E8C5C5B282220A900F38EE4 /* Frameworks */ = {
			isa = PBXFrameworksBuildPhase;
			buildActionMask = 2147483647;
			files = (
				2E394D7B282A3A8100445D5C /* FirebaseFirestoreCombine-Community in Frameworks */,
				2E394D77282A3A8100445D5C /* FirebaseCrashlytics in Frameworks */,
				2E394D73282A3A8100445D5C /* FirebaseAnalytics in Frameworks */,
				2E394D79282A3A8100445D5C /* FirebaseFirestore in Frameworks */,
			);
			runOnlyForDeploymentPostprocessing = 0;
		};
		2E8C5C702822211400F38EE4 /* Frameworks */ = {
			isa = PBXFrameworksBuildPhase;
			buildActionMask = 2147483647;
			files = (
				2E8C5C782822211400F38EE4 /* SwiftUI.framework in Frameworks */,
				2E8C5C762822211400F38EE4 /* WidgetKit.framework in Frameworks */,
				2E01D159282E514E008EA239 /* FirebaseCrashlytics in Frameworks */,
				2E01D157282E514E008EA239 /* FirebaseAnalytics in Frameworks */,
				2E394D7F282A423200445D5C /* FirebaseFirestore in Frameworks */,
				2E01D15B282E514F008EA239 /* FirebaseFirestoreSwift in Frameworks */,
			);
			runOnlyForDeploymentPostprocessing = 0;
		};
/* End PBXFrameworksBuildPhase section */

/* Begin PBXGroup section */
		2E004C152834F71F0070A90B /* Util */ = {
			isa = PBXGroup;
			children = (
				2E004C132834F7180070A90B /* Async.swift */,
				2E08DC89283764AD009092BC /* Version.swift */,
			);
			path = Util;
			sourceTree = "<group>";
		};
		2E084D7F28290D7100A299E9 /* Common */ = {
			isa = PBXGroup;
			children = (
				2E004C152834F71F0070A90B /* Util */,
				2EAC9704283352C300CA6BB3 /* Network */,
				2E084D8228290D8900A299E9 /* Extention */,
				2E084D8128290D8200A299E9 /* App */,
				2EAC97092833A65000CA6BB3 /* HotKeywordService.swift */,
				2E004C0F2834CE020070A90B /* FirebaseService.swift */,
			);
			path = Common;
			sourceTree = "<group>";
		};
		2E084D8128290D8200A299E9 /* App */ = {
			isa = PBXGroup;
			children = (
				2E8C5C8E2822450600F38EE4 /* HotKeywordDefine.swift */,
				2E084D7D28290D6D00A299E9 /* HotKeywordColor.swift */,
			);
			path = App;
			sourceTree = "<group>";
		};
		2E084D8228290D8900A299E9 /* Extention */ = {
			isa = PBXGroup;
			children = (
				2E8C5CA4282264C600F38EE4 /* DateExtension.swift */,
			);
			path = Extention;
			sourceTree = "<group>";
		};
		2E084D8328290DAB00A299E9 /* Model */ = {
			isa = PBXGroup;
			children = (
				2E8C5C862822216B00F38EE4 /* HotKeyword.swift */,
				2E01D153282E22DC008EA239 /* HotKeywordModel.swift */,
				2E004C112834EEF30070A90B /* AppInitialize.swift */,
			);
			path = Model;
			sourceTree = "<group>";
		};
		2E084D8428290DBA00A299E9 /* ViewModel */ = {
			isa = PBXGroup;
			children = (
				2E8C5C8C2822414600F38EE4 /* AppSettings.swift */,
				2E8C5C882822291900F38EE4 /* HotKeywordViewModel.swift */,
				2E8C5C9128224EBC00F38EE4 /* HotKeywordViewModelOnlyApp.swift */,
				2EAC970228334F8200CA6BB3 /* SplashViewModel.swift */,
			);
			path = ViewModel;
			sourceTree = "<group>";
		};
		2E084D8528290DCE00A299E9 /* View */ = {
			isa = PBXGroup;
			children = (
				2E01D14F282DF107008EA239 /* RootView.swift */,
				2E01D151282DF110008EA239 /* SplashView.swift */,
				2E8C5C63282220A900F38EE4 /* ContentView.swift */,
				2E2EB519282C1901001F5CBB /* SharedView.swift */,
			);
			path = View;
			sourceTree = "<group>";
		};
		2E08DC8B28376954009092BC /* Dialog */ = {
			isa = PBXGroup;
			children = (
				2E08DC8C28376965009092BC /* DialogPresentation.swift */,
				2E08DC8E2837698F009092BC /* DialogContent.swift */,
				2E08DC9028376A40009092BC /* DialogStruct.swift */,
			);
			path = Dialog;
			sourceTree = "<group>";
		};
		2E8C5C55282220A900F38EE4 = {
			isa = PBXGroup;
			children = (
				2E01D17C282E5371008EA239 /* KeywordWidgetExtension.entitlements */,
				2E8C5C60282220A900F38EE4 /* HotKeyword */,
				2E8C5C792822211400F38EE4 /* KeywordWidget */,
				2E8C5C742822211400F38EE4 /* Frameworks */,
				2E8C5C5F282220A900F38EE4 /* Products */,
			);
			sourceTree = "<group>";
		};
		2E8C5C5F282220A900F38EE4 /* Products */ = {
			isa = PBXGroup;
			children = (
				2E8C5C5E282220A900F38EE4 /* HotKeyword.app */,
				2E8C5C732822211400F38EE4 /* KeywordWidgetExtension.appex */,
			);
			name = Products;
			sourceTree = "<group>";
		};
		2E8C5C60282220A900F38EE4 /* HotKeyword */ = {
			isa = PBXGroup;
			children = (
				2E08DC8B28376954009092BC /* Dialog */,
				2EAC970128334EA600CA6BB3 /* Info.plist */,
				2E01D17B282E5357008EA239 /* HotKeyword.entitlements */,
				2E8C5C61282220A900F38EE4 /* HotKeywordApp.swift */,
				2E084D8528290DCE00A299E9 /* View */,
				2E084D8428290DBA00A299E9 /* ViewModel */,
				2E084D8328290DAB00A299E9 /* Model */,
				2E084D7F28290D7100A299E9 /* Common */,
				2E8C5C65282220AB00F38EE4 /* Assets.xcassets */,
				2E8C5C9C282253E700F38EE4 /* GoogleService-Info.plist */,
				2E8C5C67282220AB00F38EE4 /* Preview Content */,
			);
			path = HotKeyword;
			sourceTree = "<group>";
		};
		2E8C5C67282220AB00F38EE4 /* Preview Content */ = {
			isa = PBXGroup;
			children = (
				2E8C5C68282220AB00F38EE4 /* Preview Assets.xcassets */,
			);
			path = "Preview Content";
			sourceTree = "<group>";
		};
		2E8C5C742822211400F38EE4 /* Frameworks */ = {
			isa = PBXGroup;
			children = (
				2E8C5C752822211400F38EE4 /* WidgetKit.framework */,
				2E8C5C772822211400F38EE4 /* SwiftUI.framework */,
			);
			name = Frameworks;
			sourceTree = "<group>";
		};
		2E8C5C792822211400F38EE4 /* KeywordWidget */ = {
			isa = PBXGroup;
			children = (
				2E8C5C7A2822211400F38EE4 /* KeywordWidget.swift */,
				2E8C5C7C2822211500F38EE4 /* Assets.xcassets */,
				2E8C5C7E2822211500F38EE4 /* Info.plist */,
			);
			path = KeywordWidget;
			sourceTree = "<group>";
		};
		2EAC9704283352C300CA6BB3 /* Network */ = {
			isa = PBXGroup;
			children = (
				2EAC9705283352E300CA6BB3 /* Service.swift */,
				2EAC97072833673B00CA6BB3 /* ServiceProvider.swift */,
			);
			path = Network;
			sourceTree = "<group>";
		};
/* End PBXGroup section */

/* Begin PBXNativeTarget section */
		2E8C5C5D282220A900F38EE4 /* HotKeyword */ = {
			isa = PBXNativeTarget;
			buildConfigurationList = 2E8C5C6C282220AB00F38EE4 /* Build configuration list for PBXNativeTarget "HotKeyword" */;
			buildPhases = (
				2E8C5C5A282220A900F38EE4 /* Sources */,
				2E8C5C5B282220A900F38EE4 /* Frameworks */,
				2E8C5C5C282220A900F38EE4 /* Resources */,
				2E8C5C852822211500F38EE4 /* Embed App Extensions */,
			);
			buildRules = (
			);
			dependencies = (
				2E8C5C802822211500F38EE4 /* PBXTargetDependency */,
			);
			name = HotKeyword;
			packageProductDependencies = (
				2E394D72282A3A8100445D5C /* FirebaseAnalytics */,
				2E394D76282A3A8100445D5C /* FirebaseCrashlytics */,
				2E394D78282A3A8100445D5C /* FirebaseFirestore */,
				2E394D7A282A3A8100445D5C /* FirebaseFirestoreCombine-Community */,
			);
			productName = HotKeyword;
			productReference = 2E8C5C5E282220A900F38EE4 /* HotKeyword.app */;
			productType = "com.apple.product-type.application";
		};
		2E8C5C722822211400F38EE4 /* KeywordWidgetExtension */ = {
			isa = PBXNativeTarget;
			buildConfigurationList = 2E8C5C822822211500F38EE4 /* Build configuration list for PBXNativeTarget "KeywordWidgetExtension" */;
			buildPhases = (
				2E8C5C6F2822211400F38EE4 /* Sources */,
				2E8C5C702822211400F38EE4 /* Frameworks */,
				2E8C5C712822211400F38EE4 /* Resources */,
			);
			buildRules = (
			);
			dependencies = (
			);
			name = KeywordWidgetExtension;
			packageProductDependencies = (
				2E394D7E282A423200445D5C /* FirebaseFirestore */,
				2E01D156282E514E008EA239 /* FirebaseAnalytics */,
				2E01D158282E514E008EA239 /* FirebaseCrashlytics */,
				2E01D15A282E514F008EA239 /* FirebaseFirestoreSwift */,
			);
			productName = KeywordWidgetExtension;
			productReference = 2E8C5C732822211400F38EE4 /* KeywordWidgetExtension.appex */;
			productType = "com.apple.product-type.app-extension";
		};
/* End PBXNativeTarget section */

/* Begin PBXProject section */
		2E8C5C56282220A900F38EE4 /* Project object */ = {
			isa = PBXProject;
			attributes = {
				BuildIndependentTargetsInParallel = 1;
				LastSwiftUpdateCheck = 1330;
				LastUpgradeCheck = 1330;
				TargetAttributes = {
					2E8C5C5D282220A900F38EE4 = {
						CreatedOnToolsVersion = 13.3;
					};
					2E8C5C722822211400F38EE4 = {
						CreatedOnToolsVersion = 13.3;
					};
				};
			};
			buildConfigurationList = 2E8C5C59282220A900F38EE4 /* Build configuration list for PBXProject "HotKeyword" */;
			compatibilityVersion = "Xcode 13.0";
			developmentRegion = en;
			hasScannedForEncodings = 0;
			knownRegions = (
				en,
				Base,
			);
			mainGroup = 2E8C5C55282220A900F38EE4;
			packageReferences = (
				2E394D71282A3A8100445D5C /* XCRemoteSwiftPackageReference "firebase-ios-sdk" */,
			);
			productRefGroup = 2E8C5C5F282220A900F38EE4 /* Products */;
			projectDirPath = "";
			projectRoot = "";
			targets = (
				2E8C5C5D282220A900F38EE4 /* HotKeyword */,
				2E8C5C722822211400F38EE4 /* KeywordWidgetExtension */,
			);
		};
/* End PBXProject section */

/* Begin PBXResourcesBuildPhase section */
		2E8C5C5C282220A900F38EE4 /* Resources */ = {
			isa = PBXResourcesBuildPhase;
			buildActionMask = 2147483647;
			files = (
				2E8C5C69282220AB00F38EE4 /* Preview Assets.xcassets in Resources */,
				2E8C5C66282220AB00F38EE4 /* Assets.xcassets in Resources */,
				2E8C5C9D282253E700F38EE4 /* GoogleService-Info.plist in Resources */,
			);
			runOnlyForDeploymentPostprocessing = 0;
		};
		2E8C5C712822211400F38EE4 /* Resources */ = {
			isa = PBXResourcesBuildPhase;
			buildActionMask = 2147483647;
			files = (
				2E8C5C7D2822211500F38EE4 /* Assets.xcassets in Resources */,
				2E865B51282FA35E003F6119 /* GoogleService-Info.plist in Resources */,
			);
			runOnlyForDeploymentPostprocessing = 0;
		};
/* End PBXResourcesBuildPhase section */

/* Begin PBXSourcesBuildPhase section */
		2E8C5C5A282220A900F38EE4 /* Sources */ = {
			isa = PBXSourcesBuildPhase;
			buildActionMask = 2147483647;
			files = (
				2E8C5C9228224EBC00F38EE4 /* HotKeywordViewModelOnlyApp.swift in Sources */,
				2E8C5CA5282264C600F38EE4 /* DateExtension.swift in Sources */,
				2EAC9706283352E300CA6BB3 /* Service.swift in Sources */,
				2E01D154282E22DC008EA239 /* HotKeywordModel.swift in Sources */,
				2E08DC8A283764AD009092BC /* Version.swift in Sources */,
				2E004C102834CE020070A90B /* FirebaseService.swift in Sources */,
				2EAC970328334F8200CA6BB3 /* SplashViewModel.swift in Sources */,
				2E8C5C892822291900F38EE4 /* HotKeywordViewModel.swift in Sources */,
				2E8C5C872822216B00F38EE4 /* HotKeyword.swift in Sources */,
				2E004C142834F7180070A90B /* Async.swift in Sources */,
				2E08DC9128376A40009092BC /* DialogStruct.swift in Sources */,
				2E8C5C64282220A900F38EE4 /* ContentView.swift in Sources */,
				2E08DC8D28376965009092BC /* DialogPresentation.swift in Sources */,
				2E01D152282DF110008EA239 /* SplashView.swift in Sources */,
				2E2EB51A282C1901001F5CBB /* SharedView.swift in Sources */,
				2E084D7E28290D6D00A299E9 /* HotKeywordColor.swift in Sources */,
				2EAC970A2833A65100CA6BB3 /* HotKeywordService.swift in Sources */,
				2E8C5C8D2822414600F38EE4 /* AppSettings.swift in Sources */,
				2EAC97082833673B00CA6BB3 /* ServiceProvider.swift in Sources */,
				2E004C122834EEF30070A90B /* AppInitialize.swift in Sources */,
				2E8C5C8F2822450600F38EE4 /* HotKeywordDefine.swift in Sources */,
				2E08DC8F2837698F009092BC /* DialogContent.swift in Sources */,
				2E8C5C62282220A900F38EE4 /* HotKeywordApp.swift in Sources */,
				2E01D150282DF107008EA239 /* RootView.swift in Sources */,
			);
			runOnlyForDeploymentPostprocessing = 0;
		};
		2E8C5C6F2822211400F38EE4 /* Sources */ = {
			isa = PBXSourcesBuildPhase;
			buildActionMask = 2147483647;
			files = (
				2E8C5C902822466C00F38EE4 /* HotKeywordDefine.swift in Sources */,
				2E8C5C8B282229AD00F38EE4 /* HotKeyword.swift in Sources */,
				2E2EB51B282C1971001F5CBB /* SharedView.swift in Sources */,
				2E01D155282E2332008EA239 /* HotKeywordModel.swift in Sources */,
				2E8C5C7B2822211400F38EE4 /* KeywordWidget.swift in Sources */,
				2E084D8028290D7900A299E9 /* HotKeywordColor.swift in Sources */,
			);
			runOnlyForDeploymentPostprocessing = 0;
		};
/* End PBXSourcesBuildPhase section */

/* Begin PBXTargetDependency section */
		2E8C5C802822211500F38EE4 /* PBXTargetDependency */ = {
			isa = PBXTargetDependency;
			target = 2E8C5C722822211400F38EE4 /* KeywordWidgetExtension */;
			targetProxy = 2E8C5C7F2822211500F38EE4 /* PBXContainerItemProxy */;
		};
/* End PBXTargetDependency section */

/* Begin XCBuildConfiguration section */
		2E8C5C6A282220AB00F38EE4 /* Debug */ = {
			isa = XCBuildConfiguration;
			buildSettings = {
				ALWAYS_SEARCH_USER_PATHS = NO;
				CLANG_ANALYZER_NONNULL = YES;
				CLANG_ANALYZER_NUMBER_OBJECT_CONVERSION = YES_AGGRESSIVE;
				CLANG_CXX_LANGUAGE_STANDARD = "gnu++17";
				CLANG_ENABLE_MODULES = YES;
				CLANG_ENABLE_OBJC_ARC = YES;
				CLANG_ENABLE_OBJC_WEAK = YES;
				CLANG_WARN_BLOCK_CAPTURE_AUTORELEASING = YES;
				CLANG_WARN_BOOL_CONVERSION = YES;
				CLANG_WARN_COMMA = YES;
				CLANG_WARN_CONSTANT_CONVERSION = YES;
				CLANG_WARN_DEPRECATED_OBJC_IMPLEMENTATIONS = YES;
				CLANG_WARN_DIRECT_OBJC_ISA_USAGE = YES_ERROR;
				CLANG_WARN_DOCUMENTATION_COMMENTS = YES;
				CLANG_WARN_EMPTY_BODY = YES;
				CLANG_WARN_ENUM_CONVERSION = YES;
				CLANG_WARN_INFINITE_RECURSION = YES;
				CLANG_WARN_INT_CONVERSION = YES;
				CLANG_WARN_NON_LITERAL_NULL_CONVERSION = YES;
				CLANG_WARN_OBJC_IMPLICIT_RETAIN_SELF = YES;
				CLANG_WARN_OBJC_LITERAL_CONVERSION = YES;
				CLANG_WARN_OBJC_ROOT_CLASS = YES_ERROR;
				CLANG_WARN_QUOTED_INCLUDE_IN_FRAMEWORK_HEADER = YES;
				CLANG_WARN_RANGE_LOOP_ANALYSIS = YES;
				CLANG_WARN_STRICT_PROTOTYPES = YES;
				CLANG_WARN_SUSPICIOUS_MOVE = YES;
				CLANG_WARN_UNGUARDED_AVAILABILITY = YES_AGGRESSIVE;
				CLANG_WARN_UNREACHABLE_CODE = YES;
				CLANG_WARN__DUPLICATE_METHOD_MATCH = YES;
				COPY_PHASE_STRIP = NO;
				DEBUG_INFORMATION_FORMAT = dwarf;
				ENABLE_STRICT_OBJC_MSGSEND = YES;
				ENABLE_TESTABILITY = YES;
				GCC_C_LANGUAGE_STANDARD = gnu11;
				GCC_DYNAMIC_NO_PIC = NO;
				GCC_NO_COMMON_BLOCKS = YES;
				GCC_OPTIMIZATION_LEVEL = 0;
				GCC_PREPROCESSOR_DEFINITIONS = (
					"DEBUG=1",
					"$(inherited)",
				);
				GCC_WARN_64_TO_32_BIT_CONVERSION = YES;
				GCC_WARN_ABOUT_RETURN_TYPE = YES_ERROR;
				GCC_WARN_UNDECLARED_SELECTOR = YES;
				GCC_WARN_UNINITIALIZED_AUTOS = YES_AGGRESSIVE;
				GCC_WARN_UNUSED_FUNCTION = YES;
				GCC_WARN_UNUSED_VARIABLE = YES;
				IPHONEOS_DEPLOYMENT_TARGET = 15.4;
				MTL_ENABLE_DEBUG_INFO = INCLUDE_SOURCE;
				MTL_FAST_MATH = YES;
				ONLY_ACTIVE_ARCH = YES;
				SDKROOT = iphoneos;
				SWIFT_ACTIVE_COMPILATION_CONDITIONS = DEBUG;
				SWIFT_OPTIMIZATION_LEVEL = "-Onone";
			};
			name = Debug;
		};
		2E8C5C6B282220AB00F38EE4 /* Release */ = {
			isa = XCBuildConfiguration;
			buildSettings = {
				ALWAYS_SEARCH_USER_PATHS = NO;
				CLANG_ANALYZER_NONNULL = YES;
				CLANG_ANALYZER_NUMBER_OBJECT_CONVERSION = YES_AGGRESSIVE;
				CLANG_CXX_LANGUAGE_STANDARD = "gnu++17";
				CLANG_ENABLE_MODULES = YES;
				CLANG_ENABLE_OBJC_ARC = YES;
				CLANG_ENABLE_OBJC_WEAK = YES;
				CLANG_WARN_BLOCK_CAPTURE_AUTORELEASING = YES;
				CLANG_WARN_BOOL_CONVERSION = YES;
				CLANG_WARN_COMMA = YES;
				CLANG_WARN_CONSTANT_CONVERSION = YES;
				CLANG_WARN_DEPRECATED_OBJC_IMPLEMENTATIONS = YES;
				CLANG_WARN_DIRECT_OBJC_ISA_USAGE = YES_ERROR;
				CLANG_WARN_DOCUMENTATION_COMMENTS = YES;
				CLANG_WARN_EMPTY_BODY = YES;
				CLANG_WARN_ENUM_CONVERSION = YES;
				CLANG_WARN_INFINITE_RECURSION = YES;
				CLANG_WARN_INT_CONVERSION = YES;
				CLANG_WARN_NON_LITERAL_NULL_CONVERSION = YES;
				CLANG_WARN_OBJC_IMPLICIT_RETAIN_SELF = YES;
				CLANG_WARN_OBJC_LITERAL_CONVERSION = YES;
				CLANG_WARN_OBJC_ROOT_CLASS = YES_ERROR;
				CLANG_WARN_QUOTED_INCLUDE_IN_FRAMEWORK_HEADER = YES;
				CLANG_WARN_RANGE_LOOP_ANALYSIS = YES;
				CLANG_WARN_STRICT_PROTOTYPES = YES;
				CLANG_WARN_SUSPICIOUS_MOVE = YES;
				CLANG_WARN_UNGUARDED_AVAILABILITY = YES_AGGRESSIVE;
				CLANG_WARN_UNREACHABLE_CODE = YES;
				CLANG_WARN__DUPLICATE_METHOD_MATCH = YES;
				COPY_PHASE_STRIP = NO;
				DEBUG_INFORMATION_FORMAT = "dwarf-with-dsym";
				ENABLE_NS_ASSERTIONS = NO;
				ENABLE_STRICT_OBJC_MSGSEND = YES;
				GCC_C_LANGUAGE_STANDARD = gnu11;
				GCC_NO_COMMON_BLOCKS = YES;
				GCC_WARN_64_TO_32_BIT_CONVERSION = YES;
				GCC_WARN_ABOUT_RETURN_TYPE = YES_ERROR;
				GCC_WARN_UNDECLARED_SELECTOR = YES;
				GCC_WARN_UNINITIALIZED_AUTOS = YES_AGGRESSIVE;
				GCC_WARN_UNUSED_FUNCTION = YES;
				GCC_WARN_UNUSED_VARIABLE = YES;
				IPHONEOS_DEPLOYMENT_TARGET = 15.4;
				MTL_ENABLE_DEBUG_INFO = NO;
				MTL_FAST_MATH = YES;
				SDKROOT = iphoneos;
				SWIFT_COMPILATION_MODE = wholemodule;
				SWIFT_OPTIMIZATION_LEVEL = "-O";
				VALIDATE_PRODUCT = YES;
			};
			name = Release;
		};
		2E8C5C6D282220AB00F38EE4 /* Debug */ = {
			isa = XCBuildConfiguration;
			buildSettings = {
				ALWAYS_EMBED_SWIFT_STANDARD_LIBRARIES = YES;
				ASSETCATALOG_COMPILER_APPICON_NAME = AppIcon;
				ASSETCATALOG_COMPILER_GLOBAL_ACCENT_COLOR_NAME = AccentColor;
				CODE_SIGN_ENTITLEMENTS = HotKeyword/HotKeyword.entitlements;
				CODE_SIGN_STYLE = Automatic;
				CURRENT_PROJECT_VERSION = 1;
				DEVELOPMENT_ASSET_PATHS = "\"HotKeyword/Preview Content\"";
				DEVELOPMENT_TEAM = 2PJ23MZ7RT;
				ENABLE_PREVIEWS = YES;
				GENERATE_INFOPLIST_FILE = YES;
				INFOPLIST_FILE = HotKeyword/Info.plist;
				INFOPLIST_KEY_UIApplicationSceneManifest_Generation = YES;
				INFOPLIST_KEY_UIApplicationSupportsIndirectInputEvents = YES;
				INFOPLIST_KEY_UISupportedInterfaceOrientations_iPad = "UIInterfaceOrientationPortrait UIInterfaceOrientationPortraitUpsideDown UIInterfaceOrientationLandscapeLeft UIInterfaceOrientationLandscapeRight";
				INFOPLIST_KEY_UISupportedInterfaceOrientations_iPhone = "UIInterfaceOrientationPortrait UIInterfaceOrientationLandscapeLeft UIInterfaceOrientationLandscapeRight";
				IPHONEOS_DEPLOYMENT_TARGET = 14.0;
				LD_RUNPATH_SEARCH_PATHS = (
					"$(inherited)",
					"@executable_path/Frameworks",
				);
				MARKETING_VERSION = 1.0;
				PRODUCT_BUNDLE_IDENTIFIER = com.cslee.HotKeyword;
				PRODUCT_NAME = "$(TARGET_NAME)";
				SWIFT_EMIT_LOC_STRINGS = YES;
				SWIFT_VERSION = 5.0;
				TARGETED_DEVICE_FAMILY = "1,2";
			};
			name = Debug;
		};
		2E8C5C6E282220AB00F38EE4 /* Release */ = {
			isa = XCBuildConfiguration;
			buildSettings = {
				ALWAYS_EMBED_SWIFT_STANDARD_LIBRARIES = YES;
				ASSETCATALOG_COMPILER_APPICON_NAME = AppIcon;
				ASSETCATALOG_COMPILER_GLOBAL_ACCENT_COLOR_NAME = AccentColor;
				CODE_SIGN_ENTITLEMENTS = HotKeyword/HotKeyword.entitlements;
				CODE_SIGN_STYLE = Automatic;
				CURRENT_PROJECT_VERSION = 1;
				DEVELOPMENT_ASSET_PATHS = "\"HotKeyword/Preview Content\"";
				DEVELOPMENT_TEAM = 2PJ23MZ7RT;
				ENABLE_PREVIEWS = YES;
				GENERATE_INFOPLIST_FILE = YES;
				INFOPLIST_FILE = HotKeyword/Info.plist;
				INFOPLIST_KEY_UIApplicationSceneManifest_Generation = YES;
				INFOPLIST_KEY_UIApplicationSupportsIndirectInputEvents = YES;
				INFOPLIST_KEY_UISupportedInterfaceOrientations_iPad = "UIInterfaceOrientationPortrait UIInterfaceOrientationPortraitUpsideDown UIInterfaceOrientationLandscapeLeft UIInterfaceOrientationLandscapeRight";
				INFOPLIST_KEY_UISupportedInterfaceOrientations_iPhone = "UIInterfaceOrientationPortrait UIInterfaceOrientationLandscapeLeft UIInterfaceOrientationLandscapeRight";
				IPHONEOS_DEPLOYMENT_TARGET = 14.0;
				LD_RUNPATH_SEARCH_PATHS = (
					"$(inherited)",
					"@executable_path/Frameworks",
				);
				MARKETING_VERSION = 1.0;
				PRODUCT_BUNDLE_IDENTIFIER = com.cslee.HotKeyword;
				PRODUCT_NAME = "$(TARGET_NAME)";
				SWIFT_EMIT_LOC_STRINGS = YES;
				SWIFT_VERSION = 5.0;
				TARGETED_DEVICE_FAMILY = "1,2";
			};
			name = Release;
		};
		2E8C5C832822211500F38EE4 /* Debug */ = {
			isa = XCBuildConfiguration;
			buildSettings = {
				ASSETCATALOG_COMPILER_GLOBAL_ACCENT_COLOR_NAME = AccentColor;
				ASSETCATALOG_COMPILER_WIDGET_BACKGROUND_COLOR_NAME = WidgetBackground;
				CODE_SIGN_ENTITLEMENTS = KeywordWidgetExtension.entitlements;
				CODE_SIGN_STYLE = Automatic;
				CURRENT_PROJECT_VERSION = 1;
				DEVELOPMENT_TEAM = 2PJ23MZ7RT;
				GENERATE_INFOPLIST_FILE = YES;
				INFOPLIST_FILE = KeywordWidget/Info.plist;
				INFOPLIST_KEY_CFBundleDisplayName = KeywordWidget;
				INFOPLIST_KEY_NSHumanReadableCopyright = "";
				IPHONEOS_DEPLOYMENT_TARGET = 14.0;
				LD_RUNPATH_SEARCH_PATHS = (
					"$(inherited)",
					"@executable_path/Frameworks",
					"@executable_path/../../Frameworks",
				);
				MARKETING_VERSION = 1.0;
				PRODUCT_BUNDLE_IDENTIFIER = com.cslee.HotKeyword.KeywordWidget;
				PRODUCT_NAME = "$(TARGET_NAME)";
				SKIP_INSTALL = YES;
				SWIFT_EMIT_LOC_STRINGS = YES;
				SWIFT_VERSION = 5.0;
				TARGETED_DEVICE_FAMILY = 1;
			};
			name = Debug;
		};
		2E8C5C842822211500F38EE4 /* Release */ = {
			isa = XCBuildConfiguration;
			buildSettings = {
				ASSETCATALOG_COMPILER_GLOBAL_ACCENT_COLOR_NAME = AccentColor;
				ASSETCATALOG_COMPILER_WIDGET_BACKGROUND_COLOR_NAME = WidgetBackground;
				CODE_SIGN_ENTITLEMENTS = KeywordWidgetExtension.entitlements;
				CODE_SIGN_STYLE = Automatic;
				CURRENT_PROJECT_VERSION = 1;
				DEVELOPMENT_TEAM = 2PJ23MZ7RT;
				GENERATE_INFOPLIST_FILE = YES;
				INFOPLIST_FILE = KeywordWidget/Info.plist;
				INFOPLIST_KEY_CFBundleDisplayName = KeywordWidget;
				INFOPLIST_KEY_NSHumanReadableCopyright = "";
				IPHONEOS_DEPLOYMENT_TARGET = 14.0;
				LD_RUNPATH_SEARCH_PATHS = (
					"$(inherited)",
					"@executable_path/Frameworks",
					"@executable_path/../../Frameworks",
				);
				MARKETING_VERSION = 1.0;
				PRODUCT_BUNDLE_IDENTIFIER = com.cslee.HotKeyword.KeywordWidget;
				PRODUCT_NAME = "$(TARGET_NAME)";
				SKIP_INSTALL = YES;
				SWIFT_EMIT_LOC_STRINGS = YES;
				SWIFT_VERSION = 5.0;
				TARGETED_DEVICE_FAMILY = 1;
			};
			name = Release;
		};
/* End XCBuildConfiguration section */

/* Begin XCConfigurationList section */
		2E8C5C59282220A900F38EE4 /* Build configuration list for PBXProject "HotKeyword" */ = {
			isa = XCConfigurationList;
			buildConfigurations = (
				2E8C5C6A282220AB00F38EE4 /* Debug */,
				2E8C5C6B282220AB00F38EE4 /* Release */,
			);
			defaultConfigurationIsVisible = 0;
			defaultConfigurationName = Release;
		};
		2E8C5C6C282220AB00F38EE4 /* Build configuration list for PBXNativeTarget "HotKeyword" */ = {
			isa = XCConfigurationList;
			buildConfigurations = (
				2E8C5C6D282220AB00F38EE4 /* Debug */,
				2E8C5C6E282220AB00F38EE4 /* Release */,
			);
			defaultConfigurationIsVisible = 0;
			defaultConfigurationName = Release;
		};
		2E8C5C822822211500F38EE4 /* Build configuration list for PBXNativeTarget "KeywordWidgetExtension" */ = {
			isa = XCConfigurationList;
			buildConfigurations = (
				2E8C5C832822211500F38EE4 /* Debug */,
				2E8C5C842822211500F38EE4 /* Release */,
			);
			defaultConfigurationIsVisible = 0;
			defaultConfigurationName = Release;
		};
/* End XCConfigurationList section */

/* Begin XCRemoteSwiftPackageReference section */
		2E394D71282A3A8100445D5C /* XCRemoteSwiftPackageReference "firebase-ios-sdk" */ = {
			isa = XCRemoteSwiftPackageReference;
			repositoryURL = "https://github.com/firebase/firebase-ios-sdk";
			requirement = {
				kind = exactVersion;
				version = 9.0.0;
			};
		};
/* End XCRemoteSwiftPackageReference section */

/* Begin XCSwiftPackageProductDependency section */
		2E01D156282E514E008EA239 /* FirebaseAnalytics */ = {
			isa = XCSwiftPackageProductDependency;
			package = 2E394D71282A3A8100445D5C /* XCRemoteSwiftPackageReference "firebase-ios-sdk" */;
			productName = FirebaseAnalytics;
		};
		2E01D158282E514E008EA239 /* FirebaseCrashlytics */ = {
			isa = XCSwiftPackageProductDependency;
			package = 2E394D71282A3A8100445D5C /* XCRemoteSwiftPackageReference "firebase-ios-sdk" */;
			productName = FirebaseCrashlytics;
		};
		2E01D15A282E514F008EA239 /* FirebaseFirestoreSwift */ = {
			isa = XCSwiftPackageProductDependency;
			package = 2E394D71282A3A8100445D5C /* XCRemoteSwiftPackageReference "firebase-ios-sdk" */;
			productName = FirebaseFirestoreSwift;
		};
		2E394D72282A3A8100445D5C /* FirebaseAnalytics */ = {
			isa = XCSwiftPackageProductDependency;
			package = 2E394D71282A3A8100445D5C /* XCRemoteSwiftPackageReference "firebase-ios-sdk" */;
			productName = FirebaseAnalytics;
		};
		2E394D76282A3A8100445D5C /* FirebaseCrashlytics */ = {
			isa = XCSwiftPackageProductDependency;
			package = 2E394D71282A3A8100445D5C /* XCRemoteSwiftPackageReference "firebase-ios-sdk" */;
			productName = FirebaseCrashlytics;
		};
		2E394D78282A3A8100445D5C /* FirebaseFirestore */ = {
			isa = XCSwiftPackageProductDependency;
			package = 2E394D71282A3A8100445D5C /* XCRemoteSwiftPackageReference "firebase-ios-sdk" */;
			productName = FirebaseFirestore;
		};
		2E394D7A282A3A8100445D5C /* FirebaseFirestoreCombine-Community */ = {
			isa = XCSwiftPackageProductDependency;
			package = 2E394D71282A3A8100445D5C /* XCRemoteSwiftPackageReference "firebase-ios-sdk" */;
			productName = "FirebaseFirestoreCombine-Community";
		};
		2E394D7E282A423200445D5C /* FirebaseFirestore */ = {
			isa = XCSwiftPackageProductDependency;
			package = 2E394D71282A3A8100445D5C /* XCRemoteSwiftPackageReference "firebase-ios-sdk" */;
			productName = FirebaseFirestore;
		};
/* End XCSwiftPackageProductDependency section */
	};
	rootObject = 2E8C5C56282220A900F38EE4 /* Project object */;
}
